
Microsoft Visual Studio Solution File, Format Version 12.00
# Visual Studio Version 17
VisualStudioVersion = 17.11.35312.102
MinimumVisualStudioVersion = 10.0.40219.1
Project("{FAE04EC0-301F-11D3-BF4B-00C04F79EFBC}") = "MoldovanMariaKarinaLab7", "MoldovanMariaKarinaLab7.csproj", "{0968D66C-DE5A-4785-90FF-D56068BE33BA}"
EndProject
Global
	GlobalSection(SolutionConfigurationPlatforms) = preSolution
		Debug|Any CPU = Debug|Any CPU
		Release|Any CPU = Release|Any CPU
	EndGlobalSection
	GlobalSection(ProjectConfigurationPlatforms) = postSolution
		{0968D66C-DE5A-4785-90FF-D56068BE33BA}.Debug|Any CPU.ActiveCfg = Debug|Any CPU
		{0968D66C-DE5A-4785-90FF-D56068BE33BA}.Debug|Any CPU.Build.0 = Debug|Any CPU
		{0968D66C-DE5A-4785-90FF-D56068BE33BA}.Debug|Any CPU.Deploy.0 = Debug|Any CPU
		{0968D66C-DE5A-4785-90FF-D56068BE33BA}.Release|Any CPU.ActiveCfg = Release|Any CPU
		{0968D66C-DE5A-4785-90FF-D56068BE33BA}.Release|Any CPU.Build.0 = Release|Any CPU
		{0968D66C-DE5A-4785-90FF-D56068BE33BA}.Release|Any CPU.Deploy.0 = Release|Any CPU
	EndGlobalSection
	GlobalSection(SolutionProperties) = preSolution
		HideSolutionNode = FALSE
	EndGlobalSection
	GlobalSection(ExtensibilityGlobals) = postSolution
		SolutionGuid = {F95675EB-8101-4782-9F30-941745B46E1E}
	EndGlobalSection
EndGlobal
